
Microsoft Visual Studio Solution File, Format Version 12.00
# Visual Studio Version 17
VisualStudioVersion = 17.8.34511.84
MinimumVisualStudioVersion = 10.0.40219.1
Project("{FAE04EC0-301F-11D3-BF4B-00C04F79EFBC}") = "hw0506WebApplication", "hw0506WebApplication.csproj", "{1468AAE2-5E80-419F-8484-E370043C5622}"
EndProject
Global
	GlobalSection(SolutionConfigurationPlatforms) = preSolution
		Debug|Any CPU = Debug|Any CPU
		Release|Any CPU = Release|Any CPU
	EndGlobalSection
	GlobalSection(ProjectConfigurationPlatforms) = postSolution
		{1468AAE2-5E80-419F-8484-E370043C5622}.Debug|Any CPU.ActiveCfg = Debug|Any CPU
		{1468AAE2-5E80-419F-8484-E370043C5622}.Debug|Any CPU.Build.0 = Debug|Any CPU
		{1468AAE2-5E80-419F-8484-E370043C5622}.Release|Any CPU.ActiveCfg = Release|Any CPU
		{1468AAE2-5E80-419F-8484-E370043C5622}.Release|Any CPU.Build.0 = Release|Any CPU
	EndGlobalSection
	GlobalSection(SolutionProperties) = preSolution
		HideSolutionNode = FALSE
	EndGlobalSection
	GlobalSection(ExtensibilityGlobals) = postSolution
		SolutionGuid = {F388589A-6B8D-4823-AC87-4A0A44B9381F}
	EndGlobalSection
EndGlobal
